
Microsoft Visual Studio Solution File, Format Version 12.00
# Visual Studio Version 17
VisualStudioVersion = 17.0.31903.59
MinimumVisualStudioVersion = 10.0.40219.1
Project("{2150E333-8FDC-42A3-9474-1A3956D46DE8}") = "src", "src", "{BA8CE2B9-89E2-4E0D-916E-18D23CD962B0}"
EndProject
Project("{FAE04EC0-301F-11D3-BF4B-00C04F79EFBC}") = "Lox.Cli", "src\Lox.Cli\Lox.Cli.csproj", "{34DE499D-4C82-4FB8-8F9D-0967BDE4B6BF}"
EndProject
Global
	GlobalSection(SolutionConfigurationPlatforms) = preSolution
		Debug|Any CPU = Debug|Any CPU
		Release|Any CPU = Release|Any CPU
	EndGlobalSection
	GlobalSection(SolutionProperties) = preSolution
		HideSolutionNode = FALSE
	EndGlobalSection
	GlobalSection(ProjectConfigurationPlatforms) = postSolution
		{34DE499D-4C82-4FB8-8F9D-0967BDE4B6BF}.Debug|Any CPU.ActiveCfg = Debug|Any CPU
		{34DE499D-4C82-4FB8-8F9D-0967BDE4B6BF}.Debug|Any CPU.Build.0 = Debug|Any CPU
		{34DE499D-4C82-4FB8-8F9D-0967BDE4B6BF}.Release|Any CPU.ActiveCfg = Release|Any CPU
		{34DE499D-4C82-4FB8-8F9D-0967BDE4B6BF}.Release|Any CPU.Build.0 = Release|Any CPU
	EndGlobalSection
	GlobalSection(NestedProjects) = preSolution
		{34DE499D-4C82-4FB8-8F9D-0967BDE4B6BF} = {BA8CE2B9-89E2-4E0D-916E-18D23CD962B0}
	EndGlobalSection
EndGlobal
